
Microsoft Visual Studio Solution File, Format Version 12.00
# Visual Studio Version 16
VisualStudioVersion = 25.0.1704.2
MinimumVisualStudioVersion = 10.0.40219.1
Project("{2150E333-8FDC-42A3-9474-1A3956D46DE8}") = "catalog", "catalog", "{4673C84A-D949-43FB-9AE2-FD6F49AE6444}"
EndProject
Project("{2150E333-8FDC-42A3-9474-1A3956D46DE8}") = "app", "app", "{B09C3D8B-6F5C-4485-948F-5F52D0042A1A}"
EndProject
Project("{2150E333-8FDC-42A3-9474-1A3956D46DE8}") = "test", "test", "{8CF224D6-94FA-431C-A29E-7E95500320C6}"
EndProject
Project("{FAE04EC0-301F-11D3-BF4B-00C04F79EFBC}") = "Catalog.Domain.Shared", "catalog\app\Catalog.Domain.Shared\Catalog.Domain.Shared.csproj", "{B6927540-6CC8-429B-9A39-65751930A39C}"
EndProject
Project("{FAE04EC0-301F-11D3-BF4B-00C04F79EFBC}") = "Catalog.Domain", "catalog\app\Catalog.Domain\Catalog.Domain.csproj", "{0BB7C2B8-F0AE-4E21-9FF3-D11B9302B425}"
EndProject
Project("{FAE04EC0-301F-11D3-BF4B-00C04F79EFBC}") = "Catalog.Application.Contract", "catalog\app\Catalog.Application.Contract\Catalog.Application.Contract.csproj", "{C862BC4C-174F-4DB1-A5F7-2AFC1B0FAB78}"
EndProject
Project("{FAE04EC0-301F-11D3-BF4B-00C04F79EFBC}") = "Catalog.Application", "catalog\app\Catalog.Application\Catalog.Application.csproj", "{9C9C17DC-7161-405F-9F8C-6F7ABE3FD7D5}"
EndProject
Project("{FAE04EC0-301F-11D3-BF4B-00C04F79EFBC}") = "Catalog.Database", "catalog\app\Catalog.Database\Catalog.Database.csproj", "{01241A3E-BCDD-4B98-A13E-67C2AE9E66D2}"
EndProject
Project("{FAE04EC0-301F-11D3-BF4B-00C04F79EFBC}") = "Catalog.Api", "catalog\app\Catalog.Api\Catalog.Api.csproj", "{8DE0F8EC-4608-4828-9D72-4C0D4DA1BD03}"
EndProject
Project("{2150E333-8FDC-42A3-9474-1A3956D46DE8}") = "unittest", "unittest", "{9711FD66-C0C7-4F46-9A7D-C3C930E11DB8}"
EndProject
Project("{FAE04EC0-301F-11D3-BF4B-00C04F79EFBC}") = "Catalog.Domain.Test", "catalog\test\unittest\Catalog.Domain.Test\Catalog.Domain.Test.csproj", "{D8B6C609-0EFC-4BA7-B6A9-FF56DE4CC9D6}"
EndProject
Project("{2150E333-8FDC-42A3-9474-1A3956D46DE8}") = "integrationtest", "integrationtest", "{0D6494B4-CEB0-496A-B9FB-393646330479}"
EndProject
Project("{2150E333-8FDC-42A3-9474-1A3956D46DE8}") = "file", "file", "{961D8C37-79BC-4B43-8BB9-157E5D5E7DCD}"
EndProject
Project("{2150E333-8FDC-42A3-9474-1A3956D46DE8}") = "app", "app", "{623786DC-0339-49A4-B150-8B63C7FBB71A}"
EndProject
Project("{2150E333-8FDC-42A3-9474-1A3956D46DE8}") = "test", "test", "{F96A294F-CA90-42FC-87C0-4DB65BDC3EEA}"
EndProject
Project("{FAE04EC0-301F-11D3-BF4B-00C04F79EFBC}") = "File.Api", "file\app\File.Api\File.Api.csproj", "{56AEFC47-F2BB-4FFA-9EBB-8B1655DD7084}"
EndProject
Global
	GlobalSection(SolutionConfigurationPlatforms) = preSolution
		Debug|Any CPU = Debug|Any CPU
		Release|Any CPU = Release|Any CPU
	EndGlobalSection
	GlobalSection(ProjectConfigurationPlatforms) = postSolution
		{B6927540-6CC8-429B-9A39-65751930A39C}.Debug|Any CPU.ActiveCfg = Debug|Any CPU
		{B6927540-6CC8-429B-9A39-65751930A39C}.Debug|Any CPU.Build.0 = Debug|Any CPU
		{B6927540-6CC8-429B-9A39-65751930A39C}.Release|Any CPU.ActiveCfg = Release|Any CPU
		{B6927540-6CC8-429B-9A39-65751930A39C}.Release|Any CPU.Build.0 = Release|Any CPU
		{0BB7C2B8-F0AE-4E21-9FF3-D11B9302B425}.Debug|Any CPU.ActiveCfg = Debug|Any CPU
		{0BB7C2B8-F0AE-4E21-9FF3-D11B9302B425}.Debug|Any CPU.Build.0 = Debug|Any CPU
		{0BB7C2B8-F0AE-4E21-9FF3-D11B9302B425}.Release|Any CPU.ActiveCfg = Release|Any CPU
		{0BB7C2B8-F0AE-4E21-9FF3-D11B9302B425}.Release|Any CPU.Build.0 = Release|Any CPU
		{C862BC4C-174F-4DB1-A5F7-2AFC1B0FAB78}.Debug|Any CPU.ActiveCfg = Debug|Any CPU
		{C862BC4C-174F-4DB1-A5F7-2AFC1B0FAB78}.Debug|Any CPU.Build.0 = Debug|Any CPU
		{C862BC4C-174F-4DB1-A5F7-2AFC1B0FAB78}.Release|Any CPU.ActiveCfg = Release|Any CPU
		{C862BC4C-174F-4DB1-A5F7-2AFC1B0FAB78}.Release|Any CPU.Build.0 = Release|Any CPU
		{9C9C17DC-7161-405F-9F8C-6F7ABE3FD7D5}.Debug|Any CPU.ActiveCfg = Debug|Any CPU
		{9C9C17DC-7161-405F-9F8C-6F7ABE3FD7D5}.Debug|Any CPU.Build.0 = Debug|Any CPU
		{9C9C17DC-7161-405F-9F8C-6F7ABE3FD7D5}.Release|Any CPU.ActiveCfg = Release|Any CPU
		{9C9C17DC-7161-405F-9F8C-6F7ABE3FD7D5}.Release|Any CPU.Build.0 = Release|Any CPU
		{01241A3E-BCDD-4B98-A13E-67C2AE9E66D2}.Debug|Any CPU.ActiveCfg = Debug|Any CPU
		{01241A3E-BCDD-4B98-A13E-67C2AE9E66D2}.Debug|Any CPU.Build.0 = Debug|Any CPU
		{01241A3E-BCDD-4B98-A13E-67C2AE9E66D2}.Release|Any CPU.ActiveCfg = Release|Any CPU
		{01241A3E-BCDD-4B98-A13E-67C2AE9E66D2}.Release|Any CPU.Build.0 = Release|Any CPU
		{8DE0F8EC-4608-4828-9D72-4C0D4DA1BD03}.Debug|Any CPU.ActiveCfg = Debug|Any CPU
		{8DE0F8EC-4608-4828-9D72-4C0D4DA1BD03}.Debug|Any CPU.Build.0 = Debug|Any CPU
		{8DE0F8EC-4608-4828-9D72-4C0D4DA1BD03}.Release|Any CPU.ActiveCfg = Release|Any CPU
		{8DE0F8EC-4608-4828-9D72-4C0D4DA1BD03}.Release|Any CPU.Build.0 = Release|Any CPU
		{D8B6C609-0EFC-4BA7-B6A9-FF56DE4CC9D6}.Debug|Any CPU.ActiveCfg = Debug|Any CPU
		{D8B6C609-0EFC-4BA7-B6A9-FF56DE4CC9D6}.Debug|Any CPU.Build.0 = Debug|Any CPU
		{D8B6C609-0EFC-4BA7-B6A9-FF56DE4CC9D6}.Release|Any CPU.ActiveCfg = Release|Any CPU
		{D8B6C609-0EFC-4BA7-B6A9-FF56DE4CC9D6}.Release|Any CPU.Build.0 = Release|Any CPU
		{56AEFC47-F2BB-4FFA-9EBB-8B1655DD7084}.Debug|Any CPU.ActiveCfg = Debug|Any CPU
		{56AEFC47-F2BB-4FFA-9EBB-8B1655DD7084}.Debug|Any CPU.Build.0 = Debug|Any CPU
		{56AEFC47-F2BB-4FFA-9EBB-8B1655DD7084}.Release|Any CPU.ActiveCfg = Release|Any CPU
		{56AEFC47-F2BB-4FFA-9EBB-8B1655DD7084}.Release|Any CPU.Build.0 = Release|Any CPU
	EndGlobalSection
	GlobalSection(SolutionProperties) = preSolution
		HideSolutionNode = FALSE
	EndGlobalSection
	GlobalSection(ExtensibilityGlobals) = postSolution
		SolutionGuid = {7E669695-C354-41F4-B9D8-DDA32E55750F}
	EndGlobalSection
	GlobalSection(NestedProjects) = preSolution
		{B09C3D8B-6F5C-4485-948F-5F52D0042A1A} = {4673C84A-D949-43FB-9AE2-FD6F49AE6444}
		{8CF224D6-94FA-431C-A29E-7E95500320C6} = {4673C84A-D949-43FB-9AE2-FD6F49AE6444}
		{B6927540-6CC8-429B-9A39-65751930A39C} = {B09C3D8B-6F5C-4485-948F-5F52D0042A1A}
		{0BB7C2B8-F0AE-4E21-9FF3-D11B9302B425} = {B09C3D8B-6F5C-4485-948F-5F52D0042A1A}
		{C862BC4C-174F-4DB1-A5F7-2AFC1B0FAB78} = {B09C3D8B-6F5C-4485-948F-5F52D0042A1A}
		{9C9C17DC-7161-405F-9F8C-6F7ABE3FD7D5} = {B09C3D8B-6F5C-4485-948F-5F52D0042A1A}
		{01241A3E-BCDD-4B98-A13E-67C2AE9E66D2} = {B09C3D8B-6F5C-4485-948F-5F52D0042A1A}
		{8DE0F8EC-4608-4828-9D72-4C0D4DA1BD03} = {B09C3D8B-6F5C-4485-948F-5F52D0042A1A}
		{9711FD66-C0C7-4F46-9A7D-C3C930E11DB8} = {8CF224D6-94FA-431C-A29E-7E95500320C6}
		{D8B6C609-0EFC-4BA7-B6A9-FF56DE4CC9D6} = {9711FD66-C0C7-4F46-9A7D-C3C930E11DB8}
		{0D6494B4-CEB0-496A-B9FB-393646330479} = {8CF224D6-94FA-431C-A29E-7E95500320C6}
		{623786DC-0339-49A4-B150-8B63C7FBB71A} = {961D8C37-79BC-4B43-8BB9-157E5D5E7DCD}
		{F96A294F-CA90-42FC-87C0-4DB65BDC3EEA} = {961D8C37-79BC-4B43-8BB9-157E5D5E7DCD}
		{56AEFC47-F2BB-4FFA-9EBB-8B1655DD7084} = {623786DC-0339-49A4-B150-8B63C7FBB71A}
	EndGlobalSection
EndGlobal
